
Microsoft Visual Studio Solution File, Format Version 12.00
# Visual Studio Version 17
VisualStudioVersion = 17.6.33829.357
MinimumVisualStudioVersion = 10.0.40219.1
Project("{2150E333-8FDC-42A3-9474-1A3956D46DE8}") = "1", "1", "{29557E83-7853-4CD2-9913-2C901F323FD3}"
EndProject
Project("{2150E333-8FDC-42A3-9474-1A3956D46DE8}") = "2", "2", "{70DC5CA9-4053-4A2B-8397-261E3D8A59B4}"
EndProject
Project("{9A19103F-16F7-4668-BE54-9A1E7A4F7556}") = "Prueba", "Prueba1\Prueba.csproj", "{F2015545-B3FC-410C-9443-0579D1ABE55E}"
EndProject
Project("{9A19103F-16F7-4668-BE54-9A1E7A4F7556}") = "Prueba2", "Prueba2\Prueba\Prueba2.csproj", "{6554014D-EAF1-4FF2-A056-170CC22E0D2D}"
EndProject
Global
	GlobalSection(SolutionConfigurationPlatforms) = preSolution
		Debug|Any CPU = Debug|Any CPU
		Release|Any CPU = Release|Any CPU
	EndGlobalSection
	GlobalSection(ProjectConfigurationPlatforms) = postSolution
		{F2015545-B3FC-410C-9443-0579D1ABE55E}.Debug|Any CPU.ActiveCfg = Debug|Any CPU
		{F2015545-B3FC-410C-9443-0579D1ABE55E}.Debug|Any CPU.Build.0 = Debug|Any CPU
		{F2015545-B3FC-410C-9443-0579D1ABE55E}.Release|Any CPU.ActiveCfg = Release|Any CPU
		{F2015545-B3FC-410C-9443-0579D1ABE55E}.Release|Any CPU.Build.0 = Release|Any CPU
		{6554014D-EAF1-4FF2-A056-170CC22E0D2D}.Debug|Any CPU.ActiveCfg = Debug|Any CPU
		{6554014D-EAF1-4FF2-A056-170CC22E0D2D}.Debug|Any CPU.Build.0 = Debug|Any CPU
		{6554014D-EAF1-4FF2-A056-170CC22E0D2D}.Release|Any CPU.ActiveCfg = Release|Any CPU
		{6554014D-EAF1-4FF2-A056-170CC22E0D2D}.Release|Any CPU.Build.0 = Release|Any CPU
	EndGlobalSection
	GlobalSection(SolutionProperties) = preSolution
		HideSolutionNode = FALSE
	EndGlobalSection
	GlobalSection(NestedProjects) = preSolution
		{F2015545-B3FC-410C-9443-0579D1ABE55E} = {29557E83-7853-4CD2-9913-2C901F323FD3}
		{6554014D-EAF1-4FF2-A056-170CC22E0D2D} = {70DC5CA9-4053-4A2B-8397-261E3D8A59B4}
	EndGlobalSection
	GlobalSection(ExtensibilityGlobals) = postSolution
		SolutionGuid = {1FFEC87D-6CEA-4C4E-8C80-7D1DF6D06242}
	EndGlobalSection
EndGlobal
